
Microsoft Visual Studio Solution File, Format Version 12.00
# Visual Studio Version 17
VisualStudioVersion = 17.11.35312.102
MinimumVisualStudioVersion = 10.0.40219.1
Project("{FAE04EC0-301F-11D3-BF4B-00C04F79EFBC}") = "DalamudPluginServer", "DalamudPluginServer.csproj", "{BB4E4CA4-BB46-44C0-A2D6-CD1B1128A953}"
EndProject
Global
	GlobalSection(SolutionConfigurationPlatforms) = preSolution
		Debug|Any CPU = Debug|Any CPU
		Release|Any CPU = Release|Any CPU
	EndGlobalSection
	GlobalSection(ProjectConfigurationPlatforms) = postSolution
		{BB4E4CA4-BB46-44C0-A2D6-CD1B1128A953}.Debug|Any CPU.ActiveCfg = Debug|Any CPU
		{BB4E4CA4-BB46-44C0-A2D6-CD1B1128A953}.Debug|Any CPU.Build.0 = Debug|Any CPU
		{BB4E4CA4-BB46-44C0-A2D6-CD1B1128A953}.Release|Any CPU.ActiveCfg = Release|Any CPU
		{BB4E4CA4-BB46-44C0-A2D6-CD1B1128A953}.Release|Any CPU.Build.0 = Release|Any CPU
	EndGlobalSection
	GlobalSection(SolutionProperties) = preSolution
		HideSolutionNode = FALSE
	EndGlobalSection
	GlobalSection(ExtensibilityGlobals) = postSolution
		SolutionGuid = {B807C89C-22A4-423A-B18D-D81B8C1EB97C}
	EndGlobalSection
EndGlobal
